
Microsoft Visual Studio Solution File, Format Version 12.00
# Visual Studio 15
Project("{FAE04EC0-301F-11D3-BF4B-00C04F79EFBC}") = "Assembly-CSharp", "Assembly-CSharp.csproj", "{DFF8DFB8-6F38-0F3C-C61D-2F20331EA764}"
EndProject
Project("{FAE04EC0-301F-11D3-BF4B-00C04F79EFBC}") = "InspectorGadgets", "InspectorGadgets.csproj", "{CCADADF4-2E8C-8A1C-3B9E-83C350D7165F}"
EndProject
Project("{FAE04EC0-301F-11D3-BF4B-00C04F79EFBC}") = "Assembly-CSharp-Editor", "Assembly-CSharp-Editor.csproj", "{B3D0ED4A-C68F-17A1-973F-DE3B2F2F6965}"
EndProject
Global
	GlobalSection(SolutionConfigurationPlatforms) = preSolution
		Debug|Any CPU = Debug|Any CPU
		Release|Any CPU = Release|Any CPU
	EndGlobalSection
	GlobalSection(ProjectConfigurationPlatforms) = postSolution
		{DFF8DFB8-6F38-0F3C-C61D-2F20331EA764}.Debug|Any CPU.ActiveCfg = Debug|Any CPU
		{DFF8DFB8-6F38-0F3C-C61D-2F20331EA764}.Debug|Any CPU.Build.0 = Debug|Any CPU
		{DFF8DFB8-6F38-0F3C-C61D-2F20331EA764}.Release|Any CPU.ActiveCfg = Release|Any CPU
		{DFF8DFB8-6F38-0F3C-C61D-2F20331EA764}.Release|Any CPU.Build.0 = Release|Any CPU
		{CCADADF4-2E8C-8A1C-3B9E-83C350D7165F}.Debug|Any CPU.ActiveCfg = Debug|Any CPU
		{CCADADF4-2E8C-8A1C-3B9E-83C350D7165F}.Debug|Any CPU.Build.0 = Debug|Any CPU
		{CCADADF4-2E8C-8A1C-3B9E-83C350D7165F}.Release|Any CPU.ActiveCfg = Release|Any CPU
		{CCADADF4-2E8C-8A1C-3B9E-83C350D7165F}.Release|Any CPU.Build.0 = Release|Any CPU
		{B3D0ED4A-C68F-17A1-973F-DE3B2F2F6965}.Debug|Any CPU.ActiveCfg = Debug|Any CPU
		{B3D0ED4A-C68F-17A1-973F-DE3B2F2F6965}.Debug|Any CPU.Build.0 = Debug|Any CPU
		{B3D0ED4A-C68F-17A1-973F-DE3B2F2F6965}.Release|Any CPU.ActiveCfg = Release|Any CPU
		{B3D0ED4A-C68F-17A1-973F-DE3B2F2F6965}.Release|Any CPU.Build.0 = Release|Any CPU
	EndGlobalSection
	GlobalSection(SolutionProperties) = preSolution
		HideSolutionNode = FALSE
	EndGlobalSection
EndGlobal
